// !$*UTF8*$!
{
	archiveVersion = 1;
	classes = {
	};
	objectVersion = 48;
	objects = {

/* Begin PBXBuildFile section */
		106CD0970E14270B48B6FA3A /* Pods_SmackUITests.framework in Frameworks */ = {isa = PBXBuildFile; fileRef = 27106AE8CA37E74FB71BA0B6 /* Pods_SmackUITests.framework */; };
		25779F7E133908EA51775C8A /* Pods_Smack.framework in Frameworks */ = {isa = PBXBuildFile; fileRef = 27930CC29958DAC3B2E79713 /* Pods_Smack.framework */; };
		9F079DCC205C78E000BA39F0 /* AvatarPickerVC.swift in Sources */ = {isa = PBXBuildFile; fileRef = 9F079DCB205C78E000BA39F0 /* AvatarPickerVC.swift */; };
		9F079DCE205C797800BA39F0 /* AvatarCell.swift in Sources */ = {isa = PBXBuildFile; fileRef = 9F079DCD205C797800BA39F0 /* AvatarCell.swift */; };
		9F2D30E8205C5A350012B25D /* UserDataService.swift in Sources */ = {isa = PBXBuildFile; fileRef = 9F2D30E7205C5A350012B25D /* UserDataService.swift */; };
		9F321CA12051E875009DB186 /* AppDelegate.swift in Sources */ = {isa = PBXBuildFile; fileRef = 9F321CA02051E875009DB186 /* AppDelegate.swift */; };
		9F321CA62051E875009DB186 /* Main.storyboard in Resources */ = {isa = PBXBuildFile; fileRef = 9F321CA42051E875009DB186 /* Main.storyboard */; };
		9F321CA82051E875009DB186 /* Assets.xcassets in Resources */ = {isa = PBXBuildFile; fileRef = 9F321CA72051E875009DB186 /* Assets.xcassets */; };
		9F321CAB2051E875009DB186 /* LaunchScreen.storyboard in Resources */ = {isa = PBXBuildFile; fileRef = 9F321CA92051E875009DB186 /* LaunchScreen.storyboard */; };
		9F321CB62051E875009DB186 /* SmackTests.swift in Sources */ = {isa = PBXBuildFile; fileRef = 9F321CB52051E875009DB186 /* SmackTests.swift */; };
		9F321CC12051E875009DB186 /* SmackUITests.swift in Sources */ = {isa = PBXBuildFile; fileRef = 9F321CC02051E875009DB186 /* SmackUITests.swift */; };
		9F4C1FE42051EF80008DC689 /* SWRevealViewController.m in Sources */ = {isa = PBXBuildFile; fileRef = 9F4C1FE22051EF80008DC689 /* SWRevealViewController.m */; };
		9F4C1FEA205307F1008DC689 /* ChatVC.swift in Sources */ = {isa = PBXBuildFile; fileRef = 9F4C1FE9205307F1008DC689 /* ChatVC.swift */; };
		9F4C1FEC20530803008DC689 /* ChannelVC.swift in Sources */ = {isa = PBXBuildFile; fileRef = 9F4C1FEB20530803008DC689 /* ChannelVC.swift */; };
		9F4C1FEE20531F53008DC689 /* GradientView.swift in Sources */ = {isa = PBXBuildFile; fileRef = 9F4C1FED20531F53008DC689 /* GradientView.swift */; };
		9FADC8FB2065ABDC0073D962 /* ProfileVC.swift in Sources */ = {isa = PBXBuildFile; fileRef = 9FADC8F92065ABDC0073D962 /* ProfileVC.swift */; };
		9FADC8FC2065ABDC0073D962 /* ProfileVC.xib in Resources */ = {isa = PBXBuildFile; fileRef = 9FADC8FA2065ABDC0073D962 /* ProfileVC.xib */; };
		9FB6E8CD206044920075AC81 /* UserAvatar.swift in Sources */ = {isa = PBXBuildFile; fileRef = 9FB6E8CC206044920075AC81 /* UserAvatar.swift */; };
		9FBF92122059DBBF008ECD7C /* RoundedButton.swift in Sources */ = {isa = PBXBuildFile; fileRef = 9FBF92112059DBBF008ECD7C /* RoundedButton.swift */; };
		9FEB8B2B2065C0E400BCF804 /* MessageService.swift in Sources */ = {isa = PBXBuildFile; fileRef = 9FEB8B2A2065C0E400BCF804 /* MessageService.swift */; };
		9FEB8B2D2065C12500BCF804 /* Channel.swift in Sources */ = {isa = PBXBuildFile; fileRef = 9FEB8B2C2065C12500BCF804 /* Channel.swift */; };
		9FED5C22206980DA00622B76 /* ChannelCell.swift in Sources */ = {isa = PBXBuildFile; fileRef = 9FED5C21206980DA00622B76 /* ChannelCell.swift */; };
		9FED5C25206ABA5700622B76 /* AddChannelVC.swift in Sources */ = {isa = PBXBuildFile; fileRef = 9FED5C23206ABA5700622B76 /* AddChannelVC.swift */; };
		9FED5C26206ABA5700622B76 /* AddChannelVC.xib in Resources */ = {isa = PBXBuildFile; fileRef = 9FED5C24206ABA5700622B76 /* AddChannelVC.xib */; };
		9FEFAA8F2058772B000E6106 /* Constants.swift in Sources */ = {isa = PBXBuildFile; fileRef = 9FEFAA8E2058772B000E6106 /* Constants.swift */; };
		9FEFAA9120587B7E000E6106 /* LoginVC.swift in Sources */ = {isa = PBXBuildFile; fileRef = 9FEFAA9020587B7E000E6106 /* LoginVC.swift */; };
		9FEFAA9320587DD4000E6106 /* CreateAccountVC.swift in Sources */ = {isa = PBXBuildFile; fileRef = 9FEFAA9220587DD4000E6106 /* CreateAccountVC.swift */; };
		9FEFAA962059BD06000E6106 /* AuthService.swift in Sources */ = {isa = PBXBuildFile; fileRef = 9FEFAA952059BD06000E6106 /* AuthService.swift */; };
		CC15316D34E334F587C60B2D /* Pods_SmackTests.framework in Frameworks */ = {isa = PBXBuildFile; fileRef = 2A889D4B9A1A3B266E757F4A /* Pods_SmackTests.framework */; };
/* End PBXBuildFile section */

/* Begin PBXContainerItemProxy section */
		9F321CB22051E875009DB186 /* PBXContainerItemProxy */ = {
			isa = PBXContainerItemProxy;
			containerPortal = 9F321C952051E875009DB186 /* Project object */;
			proxyType = 1;
			remoteGlobalIDString = 9F321C9C2051E875009DB186;
			remoteInfo = Smack;
		};
		9F321CBD2051E875009DB186 /* PBXContainerItemProxy */ = {
			isa = PBXContainerItemProxy;
			containerPortal = 9F321C952051E875009DB186 /* Project object */;
			proxyType = 1;
			remoteGlobalIDString = 9F321C9C2051E875009DB186;
			remoteInfo = Smack;
		};
/* End PBXContainerItemProxy section */

/* Begin PBXFileReference section */
		0DFCA183B3E15FC0AEB99A36 /* Pods-Smack.debug.xcconfig */ = {isa = PBXFileReference; includeInIndex = 1; lastKnownFileType = text.xcconfig; name = "Pods-Smack.debug.xcconfig"; path = "Pods/Target Support Files/Pods-Smack/Pods-Smack.debug.xcconfig"; sourceTree = "<group>"; };
		0EE7B4D963F527BB8C1ECDED /* Pods-SmackTests.debug.xcconfig */ = {isa = PBXFileReference; includeInIndex = 1; lastKnownFileType = text.xcconfig; name = "Pods-SmackTests.debug.xcconfig"; path = "Pods/Target Support Files/Pods-SmackTests/Pods-SmackTests.debug.xcconfig"; sourceTree = "<group>"; };
		27106AE8CA37E74FB71BA0B6 /* Pods_SmackUITests.framework */ = {isa = PBXFileReference; explicitFileType = wrapper.framework; includeInIndex = 0; path = Pods_SmackUITests.framework; sourceTree = BUILT_PRODUCTS_DIR; };
		27930CC29958DAC3B2E79713 /* Pods_Smack.framework */ = {isa = PBXFileReference; explicitFileType = wrapper.framework; includeInIndex = 0; path = Pods_Smack.framework; sourceTree = BUILT_PRODUCTS_DIR; };
		2A889D4B9A1A3B266E757F4A /* Pods_SmackTests.framework */ = {isa = PBXFileReference; explicitFileType = wrapper.framework; includeInIndex = 0; path = Pods_SmackTests.framework; sourceTree = BUILT_PRODUCTS_DIR; };
		9F079DCB205C78E000BA39F0 /* AvatarPickerVC.swift */ = {isa = PBXFileReference; lastKnownFileType = sourcecode.swift; path = AvatarPickerVC.swift; sourceTree = "<group>"; };
		9F079DCD205C797800BA39F0 /* AvatarCell.swift */ = {isa = PBXFileReference; lastKnownFileType = sourcecode.swift; path = AvatarCell.swift; sourceTree = "<group>"; };
		9F2D30E7205C5A350012B25D /* UserDataService.swift */ = {isa = PBXFileReference; lastKnownFileType = sourcecode.swift; path = UserDataService.swift; sourceTree = "<group>"; };
		9F321C9D2051E875009DB186 /* Smack.app */ = {isa = PBXFileReference; explicitFileType = wrapper.application; includeInIndex = 0; path = Smack.app; sourceTree = BUILT_PRODUCTS_DIR; };
		9F321CA02051E875009DB186 /* AppDelegate.swift */ = {isa = PBXFileReference; lastKnownFileType = sourcecode.swift; path = AppDelegate.swift; sourceTree = "<group>"; };
		9F321CA52051E875009DB186 /* Base */ = {isa = PBXFileReference; lastKnownFileType = file.storyboard; name = Base; path = Base.lproj/Main.storyboard; sourceTree = "<group>"; };
		9F321CA72051E875009DB186 /* Assets.xcassets */ = {isa = PBXFileReference; lastKnownFileType = folder.assetcatalog; path = Assets.xcassets; sourceTree = "<group>"; };
		9F321CAA2051E875009DB186 /* Base */ = {isa = PBXFileReference; lastKnownFileType = file.storyboard; name = Base; path = Base.lproj/LaunchScreen.storyboard; sourceTree = "<group>"; };
		9F321CAC2051E875009DB186 /* Info.plist */ = {isa = PBXFileReference; lastKnownFileType = text.plist.xml; path = Info.plist; sourceTree = "<group>"; };
		9F321CB12051E875009DB186 /* SmackTests.xctest */ = {isa = PBXFileReference; explicitFileType = wrapper.cfbundle; includeInIndex = 0; path = SmackTests.xctest; sourceTree = BUILT_PRODUCTS_DIR; };
		9F321CB52051E875009DB186 /* SmackTests.swift */ = {isa = PBXFileReference; lastKnownFileType = sourcecode.swift; path = SmackTests.swift; sourceTree = "<group>"; };
		9F321CB72051E875009DB186 /* Info.plist */ = {isa = PBXFileReference; lastKnownFileType = text.plist.xml; path = Info.plist; sourceTree = "<group>"; };
		9F321CBC2051E875009DB186 /* SmackUITests.xctest */ = {isa = PBXFileReference; explicitFileType = wrapper.cfbundle; includeInIndex = 0; path = SmackUITests.xctest; sourceTree = BUILT_PRODUCTS_DIR; };
		9F321CC02051E875009DB186 /* SmackUITests.swift */ = {isa = PBXFileReference; lastKnownFileType = sourcecode.swift; path = SmackUITests.swift; sourceTree = "<group>"; };
		9F321CC22051E875009DB186 /* Info.plist */ = {isa = PBXFileReference; lastKnownFileType = text.plist.xml; path = Info.plist; sourceTree = "<group>"; };
		9F4C1FE22051EF80008DC689 /* SWRevealViewController.m */ = {isa = PBXFileReference; fileEncoding = 4; lastKnownFileType = sourcecode.c.objc; path = SWRevealViewController.m; sourceTree = "<group>"; };
		9F4C1FE32051EF80008DC689 /* SWRevealViewController.h */ = {isa = PBXFileReference; fileEncoding = 4; lastKnownFileType = sourcecode.c.h; path = SWRevealViewController.h; sourceTree = "<group>"; };
		9F4C1FE52051F005008DC689 /* Smack-Bridging-Header.h */ = {isa = PBXFileReference; fileEncoding = 4; lastKnownFileType = sourcecode.c.h; path = "Smack-Bridging-Header.h"; sourceTree = "<group>"; };
		9F4C1FE9205307F1008DC689 /* ChatVC.swift */ = {isa = PBXFileReference; lastKnownFileType = sourcecode.swift; path = ChatVC.swift; sourceTree = "<group>"; };
		9F4C1FEB20530803008DC689 /* ChannelVC.swift */ = {isa = PBXFileReference; lastKnownFileType = sourcecode.swift; path = ChannelVC.swift; sourceTree = "<group>"; };
		9F4C1FED20531F53008DC689 /* GradientView.swift */ = {isa = PBXFileReference; lastKnownFileType = sourcecode.swift; path = GradientView.swift; sourceTree = "<group>"; };
		9FADC8F92065ABDC0073D962 /* ProfileVC.swift */ = {isa = PBXFileReference; lastKnownFileType = sourcecode.swift; path = ProfileVC.swift; sourceTree = "<group>"; };
		9FADC8FA2065ABDC0073D962 /* ProfileVC.xib */ = {isa = PBXFileReference; lastKnownFileType = file.xib; path = ProfileVC.xib; sourceTree = "<group>"; };
		9FB6E8CC206044920075AC81 /* UserAvatar.swift */ = {isa = PBXFileReference; lastKnownFileType = sourcecode.swift; path = UserAvatar.swift; sourceTree = "<group>"; };
		9FBF92112059DBBF008ECD7C /* RoundedButton.swift */ = {isa = PBXFileReference; lastKnownFileType = sourcecode.swift; path = RoundedButton.swift; sourceTree = "<group>"; };
		9FEB8B2A2065C0E400BCF804 /* MessageService.swift */ = {isa = PBXFileReference; lastKnownFileType = sourcecode.swift; path = MessageService.swift; sourceTree = "<group>"; };
		9FEB8B2C2065C12500BCF804 /* Channel.swift */ = {isa = PBXFileReference; lastKnownFileType = sourcecode.swift; name = Channel.swift; path = Smack/Services/Channel.swift; sourceTree = SOURCE_ROOT; };
		9FED5C21206980DA00622B76 /* ChannelCell.swift */ = {isa = PBXFileReference; lastKnownFileType = sourcecode.swift; path = ChannelCell.swift; sourceTree = "<group>"; };
		9FED5C23206ABA5700622B76 /* AddChannelVC.swift */ = {isa = PBXFileReference; lastKnownFileType = sourcecode.swift; path = AddChannelVC.swift; sourceTree = "<group>"; };
		9FED5C24206ABA5700622B76 /* AddChannelVC.xib */ = {isa = PBXFileReference; lastKnownFileType = file.xib; path = AddChannelVC.xib; sourceTree = "<group>"; };
		9FEFAA8E2058772B000E6106 /* Constants.swift */ = {isa = PBXFileReference; lastKnownFileType = sourcecode.swift; path = Constants.swift; sourceTree = "<group>"; };
		9FEFAA9020587B7E000E6106 /* LoginVC.swift */ = {isa = PBXFileReference; lastKnownFileType = sourcecode.swift; path = LoginVC.swift; sourceTree = "<group>"; };
		9FEFAA9220587DD4000E6106 /* CreateAccountVC.swift */ = {isa = PBXFileReference; lastKnownFileType = sourcecode.swift; path = CreateAccountVC.swift; sourceTree = "<group>"; };
		9FEFAA952059BD06000E6106 /* AuthService.swift */ = {isa = PBXFileReference; lastKnownFileType = sourcecode.swift; path = AuthService.swift; sourceTree = "<group>"; };
		A3B9B7EB25AC803E995F6B26 /* Pods-Smack.release.xcconfig */ = {isa = PBXFileReference; includeInIndex = 1; lastKnownFileType = text.xcconfig; name = "Pods-Smack.release.xcconfig"; path = "Pods/Target Support Files/Pods-Smack/Pods-Smack.release.xcconfig"; sourceTree = "<group>"; };
		A58EC08F077C4F5C67AE4023 /* Pods-SmackUITests.debug.xcconfig */ = {isa = PBXFileReference; includeInIndex = 1; lastKnownFileType = text.xcconfig; name = "Pods-SmackUITests.debug.xcconfig"; path = "Pods/Target Support Files/Pods-SmackUITests/Pods-SmackUITests.debug.xcconfig"; sourceTree = "<group>"; };
		BA02C64A4FC49DB1D3CBBAFA /* Pods-SmackTests.release.xcconfig */ = {isa = PBXFileReference; includeInIndex = 1; lastKnownFileType = text.xcconfig; name = "Pods-SmackTests.release.xcconfig"; path = "Pods/Target Support Files/Pods-SmackTests/Pods-SmackTests.release.xcconfig"; sourceTree = "<group>"; };
		FF1CF8F383F0B5C1B40319CF /* Pods-SmackUITests.release.xcconfig */ = {isa = PBXFileReference; includeInIndex = 1; lastKnownFileType = text.xcconfig; name = "Pods-SmackUITests.release.xcconfig"; path = "Pods/Target Support Files/Pods-SmackUITests/Pods-SmackUITests.release.xcconfig"; sourceTree = "<group>"; };
/* End PBXFileReference section */

/* Begin PBXFrameworksBuildPhase section */
		9F321C9A2051E875009DB186 /* Frameworks */ = {
			isa = PBXFrameworksBuildPhase;
			buildActionMask = 2147483647;
			files = (
				25779F7E133908EA51775C8A /* Pods_Smack.framework in Frameworks */,
			);
			runOnlyForDeploymentPostprocessing = 0;
		};
		9F321CAE2051E875009DB186 /* Frameworks */ = {
			isa = PBXFrameworksBuildPhase;
			buildActionMask = 2147483647;
			files = (
				CC15316D34E334F587C60B2D /* Pods_SmackTests.framework in Frameworks */,
			);
			runOnlyForDeploymentPostprocessing = 0;
		};
		9F321CB92051E875009DB186 /* Frameworks */ = {
			isa = PBXFrameworksBuildPhase;
			buildActionMask = 2147483647;
			files = (
				106CD0970E14270B48B6FA3A /* Pods_SmackUITests.framework in Frameworks */,
			);
			runOnlyForDeploymentPostprocessing = 0;
		};
/* End PBXFrameworksBuildPhase section */

/* Begin PBXGroup section */
		03B6C89B49E5ED8B76838031 /* Frameworks */ = {
			isa = PBXGroup;
			children = (
				27930CC29958DAC3B2E79713 /* Pods_Smack.framework */,
				2A889D4B9A1A3B266E757F4A /* Pods_SmackTests.framework */,
				27106AE8CA37E74FB71BA0B6 /* Pods_SmackUITests.framework */,
			);
			name = Frameworks;
			sourceTree = "<group>";
		};
		450DEEF41460DEC28BF6200A /* Pods */ = {
			isa = PBXGroup;
			children = (
				0DFCA183B3E15FC0AEB99A36 /* Pods-Smack.debug.xcconfig */,
				A3B9B7EB25AC803E995F6B26 /* Pods-Smack.release.xcconfig */,
				0EE7B4D963F527BB8C1ECDED /* Pods-SmackTests.debug.xcconfig */,
				BA02C64A4FC49DB1D3CBBAFA /* Pods-SmackTests.release.xcconfig */,
				A58EC08F077C4F5C67AE4023 /* Pods-SmackUITests.debug.xcconfig */,
				FF1CF8F383F0B5C1B40319CF /* Pods-SmackUITests.release.xcconfig */,
			);
			name = Pods;
			sourceTree = "<group>";
		};
		9F321C942051E875009DB186 = {
			isa = PBXGroup;
			children = (
				9F321C9F2051E875009DB186 /* Smack */,
				9F321CB42051E875009DB186 /* SmackTests */,
				9F321CBF2051E875009DB186 /* SmackUITests */,
				9F321C9E2051E875009DB186 /* Products */,
				450DEEF41460DEC28BF6200A /* Pods */,
				03B6C89B49E5ED8B76838031 /* Frameworks */,
			);
			sourceTree = "<group>";
		};
		9F321C9E2051E875009DB186 /* Products */ = {
			isa = PBXGroup;
			children = (
				9F321C9D2051E875009DB186 /* Smack.app */,
				9F321CB12051E875009DB186 /* SmackTests.xctest */,
				9F321CBC2051E875009DB186 /* SmackUITests.xctest */,
			);
			name = Products;
			sourceTree = "<group>";
		};
		9F321C9F2051E875009DB186 /* Smack */ = {
			isa = PBXGroup;
			children = (
				9FADC8F42065A8BC0073D962 /* XIBs */,
				9FEFAA942059BCEF000E6106 /* Services */,
				9FEFAA8D20587718000E6106 /* Utilities */,
				9F4C1FE8205307CA008DC689 /* Model */,
				9F4C1FE7205307C5008DC689 /* View */,
				9F4C1FE6205307BE008DC689 /* Controller */,
				9F4C1FD92051EF47008DC689 /* Supporting Files */,
				9F321CA02051E875009DB186 /* AppDelegate.swift */,
				9F321CA42051E875009DB186 /* Main.storyboard */,
				9F321CA72051E875009DB186 /* Assets.xcassets */,
				9F321CA92051E875009DB186 /* LaunchScreen.storyboard */,
				9F321CAC2051E875009DB186 /* Info.plist */,
			);
			path = Smack;
			sourceTree = "<group>";
		};
		9F321CB42051E875009DB186 /* SmackTests */ = {
			isa = PBXGroup;
			children = (
				9F321CB52051E875009DB186 /* SmackTests.swift */,
				9F321CB72051E875009DB186 /* Info.plist */,
			);
			path = SmackTests;
			sourceTree = "<group>";
		};
		9F321CBF2051E875009DB186 /* SmackUITests */ = {
			isa = PBXGroup;
			children = (
				9F321CC02051E875009DB186 /* SmackUITests.swift */,
				9F321CC22051E875009DB186 /* Info.plist */,
			);
			path = SmackUITests;
			sourceTree = "<group>";
		};
		9F4C1FD92051EF47008DC689 /* Supporting Files */ = {
			isa = PBXGroup;
			children = (
				9F4C1FE32051EF80008DC689 /* SWRevealViewController.h */,
				9F4C1FE22051EF80008DC689 /* SWRevealViewController.m */,
				9F4C1FE52051F005008DC689 /* Smack-Bridging-Header.h */,
			);
			path = "Supporting Files";
			sourceTree = "<group>";
		};
		9F4C1FE6205307BE008DC689 /* Controller */ = {
			isa = PBXGroup;
			children = (
				9F4C1FE9205307F1008DC689 /* ChatVC.swift */,
				9F4C1FEB20530803008DC689 /* ChannelVC.swift */,
				9FEFAA9020587B7E000E6106 /* LoginVC.swift */,
				9FEFAA9220587DD4000E6106 /* CreateAccountVC.swift */,
				9F079DCB205C78E000BA39F0 /* AvatarPickerVC.swift */,
				9FADC8F92065ABDC0073D962 /* ProfileVC.swift */,
				9FED5C23206ABA5700622B76 /* AddChannelVC.swift */,
			);
			path = Controller;
			sourceTree = "<group>";
		};
		9F4C1FE7205307C5008DC689 /* View */ = {
			isa = PBXGroup;
			children = (
				9F4C1FED20531F53008DC689 /* GradientView.swift */,
				9FBF92112059DBBF008ECD7C /* RoundedButton.swift */,
				9F079DCD205C797800BA39F0 /* AvatarCell.swift */,
				9FB6E8CC206044920075AC81 /* UserAvatar.swift */,
				9FED5C21206980DA00622B76 /* ChannelCell.swift */,
			);
			path = View;
			sourceTree = "<group>";
		};
		9F4C1FE8205307CA008DC689 /* Model */ = {
			isa = PBXGroup;
			children = (
				9FEB8B2C2065C12500BCF804 /* Channel.swift */,
			);
			path = Model;
			sourceTree = "<group>";
		};
		9FADC8F42065A8BC0073D962 /* XIBs */ = {
			isa = PBXGroup;
			children = (
				9FADC8FA2065ABDC0073D962 /* ProfileVC.xib */,
				9FED5C24206ABA5700622B76 /* AddChannelVC.xib */,
			);
			path = XIBs;
			sourceTree = "<group>";
		};
		9FEFAA8D20587718000E6106 /* Utilities */ = {
			isa = PBXGroup;
			children = (
				9FEFAA8E2058772B000E6106 /* Constants.swift */,
			);
			path = Utilities;
			sourceTree = "<group>";
		};
		9FEFAA942059BCEF000E6106 /* Services */ = {
			isa = PBXGroup;
			children = (
				9FEFAA952059BD06000E6106 /* AuthService.swift */,
				9F2D30E7205C5A350012B25D /* UserDataService.swift */,
				9FEB8B2A2065C0E400BCF804 /* MessageService.swift */,
			);
			path = Services;
			sourceTree = "<group>";
		};
/* End PBXGroup section */

/* Begin PBXNativeTarget section */
		9F321C9C2051E875009DB186 /* Smack */ = {
			isa = PBXNativeTarget;
			buildConfigurationList = 9F321CC52051E875009DB186 /* Build configuration list for PBXNativeTarget "Smack" */;
			buildPhases = (
				0476AA1413B2F90E40262CD8 /* [CP] Check Pods Manifest.lock */,
				9F321C992051E875009DB186 /* Sources */,
				9F321C9A2051E875009DB186 /* Frameworks */,
				9F321C9B2051E875009DB186 /* Resources */,
				11B2A67EB95C1512D585C991 /* [CP] Embed Pods Frameworks */,
				CEF5BD64D6C4C45C1FE78F9B /* [CP] Copy Pods Resources */,
			);
			buildRules = (
			);
			dependencies = (
			);
			name = Smack;
			productName = Smack;
			productReference = 9F321C9D2051E875009DB186 /* Smack.app */;
			productType = "com.apple.product-type.application";
		};
		9F321CB02051E875009DB186 /* SmackTests */ = {
			isa = PBXNativeTarget;
			buildConfigurationList = 9F321CC82051E875009DB186 /* Build configuration list for PBXNativeTarget "SmackTests" */;
			buildPhases = (
				3035A6B62B2F908FA9C99AFE /* [CP] Check Pods Manifest.lock */,
				9F321CAD2051E875009DB186 /* Sources */,
				9F321CAE2051E875009DB186 /* Frameworks */,
				9F321CAF2051E875009DB186 /* Resources */,
				0DBC2F1EAD0365BD6A10DDF4 /* [CP] Embed Pods Frameworks */,
				ACC57DFE068FB921905B9E07 /* [CP] Copy Pods Resources */,
			);
			buildRules = (
			);
			dependencies = (
				9F321CB32051E875009DB186 /* PBXTargetDependency */,
			);
			name = SmackTests;
			productName = SmackTests;
			productReference = 9F321CB12051E875009DB186 /* SmackTests.xctest */;
			productType = "com.apple.product-type.bundle.unit-test";
		};
		9F321CBB2051E875009DB186 /* SmackUITests */ = {
			isa = PBXNativeTarget;
			buildConfigurationList = 9F321CCB2051E875009DB186 /* Build configuration list for PBXNativeTarget "SmackUITests" */;
			buildPhases = (
				A63C29D4B6B2BC10123A9B94 /* [CP] Check Pods Manifest.lock */,
				9F321CB82051E875009DB186 /* Sources */,
				9F321CB92051E875009DB186 /* Frameworks */,
				9F321CBA2051E875009DB186 /* Resources */,
				A6DBBABB156A4F1829285946 /* [CP] Embed Pods Frameworks */,
				FEFBAAEF983388D3E94B6662 /* [CP] Copy Pods Resources */,
			);
			buildRules = (
			);
			dependencies = (
				9F321CBE2051E875009DB186 /* PBXTargetDependency */,
			);
			name = SmackUITests;
			productName = SmackUITests;
			productReference = 9F321CBC2051E875009DB186 /* SmackUITests.xctest */;
			productType = "com.apple.product-type.bundle.ui-testing";
		};
/* End PBXNativeTarget section */

/* Begin PBXProject section */
		9F321C952051E875009DB186 /* Project object */ = {
			isa = PBXProject;
			attributes = {
				LastSwiftUpdateCheck = 0920;
				LastUpgradeCheck = 0920;
				ORGANIZATIONNAME = "Ryan Flores";
				TargetAttributes = {
					9F321C9C2051E875009DB186 = {
						CreatedOnToolsVersion = 9.2;
						LastSwiftMigration = 0920;
						ProvisioningStyle = Automatic;
					};
					9F321CB02051E875009DB186 = {
						CreatedOnToolsVersion = 9.2;
						LastSwiftMigration = 0920;
						ProvisioningStyle = Automatic;
						TestTargetID = 9F321C9C2051E875009DB186;
					};
					9F321CBB2051E875009DB186 = {
						CreatedOnToolsVersion = 9.2;
						LastSwiftMigration = 0920;
						ProvisioningStyle = Automatic;
						TestTargetID = 9F321C9C2051E875009DB186;
					};
				};
			};
			buildConfigurationList = 9F321C982051E875009DB186 /* Build configuration list for PBXProject "Smack" */;
			compatibilityVersion = "Xcode 8.0";
			developmentRegion = en;
			hasScannedForEncodings = 0;
			knownRegions = (
				en,
				Base,
			);
			mainGroup = 9F321C942051E875009DB186;
			productRefGroup = 9F321C9E2051E875009DB186 /* Products */;
			projectDirPath = "";
			projectRoot = "";
			targets = (
				9F321C9C2051E875009DB186 /* Smack */,
				9F321CB02051E875009DB186 /* SmackTests */,
				9F321CBB2051E875009DB186 /* SmackUITests */,
			);
		};
/* End PBXProject section */

/* Begin PBXResourcesBuildPhase section */
		9F321C9B2051E875009DB186 /* Resources */ = {
			isa = PBXResourcesBuildPhase;
			buildActionMask = 2147483647;
			files = (
				9FED5C26206ABA5700622B76 /* AddChannelVC.xib in Resources */,
				9FADC8FC2065ABDC0073D962 /* ProfileVC.xib in Resources */,
				9F321CAB2051E875009DB186 /* LaunchScreen.storyboard in Resources */,
				9F321CA82051E875009DB186 /* Assets.xcassets in Resources */,
				9F321CA62051E875009DB186 /* Main.storyboard in Resources */,
			);
			runOnlyForDeploymentPostprocessing = 0;
		};
		9F321CAF2051E875009DB186 /* Resources */ = {
			isa = PBXResourcesBuildPhase;
			buildActionMask = 2147483647;
			files = (
			);
			runOnlyForDeploymentPostprocessing = 0;
		};
		9F321CBA2051E875009DB186 /* Resources */ = {
			isa = PBXResourcesBuildPhase;
			buildActionMask = 2147483647;
			files = (
			);
			runOnlyForDeploymentPostprocessing = 0;
		};
/* End PBXResourcesBuildPhase section */

/* Begin PBXShellScriptBuildPhase section */
		0476AA1413B2F90E40262CD8 /* [CP] Check Pods Manifest.lock */ = {
			isa = PBXShellScriptBuildPhase;
			buildActionMask = 2147483647;
			files = (
			);
			inputPaths = (
				"${PODS_PODFILE_DIR_PATH}/Podfile.lock",
				"${PODS_ROOT}/Manifest.lock",
			);
			name = "[CP] Check Pods Manifest.lock";
			outputPaths = (
				"$(DERIVED_FILE_DIR)/Pods-Smack-checkManifestLockResult.txt",
			);
			runOnlyForDeploymentPostprocessing = 0;
			shellPath = /bin/sh;
			shellScript = "diff \"${PODS_PODFILE_DIR_PATH}/Podfile.lock\" \"${PODS_ROOT}/Manifest.lock\" > /dev/null\nif [ $? != 0 ] ; then\n    # print error to STDERR\n    echo \"error: The sandbox is not in sync with the Podfile.lock. Run 'pod install' or update your CocoaPods installation.\" >&2\n    exit 1\nfi\n# This output is used by Xcode 'outputs' to avoid re-running this script phase.\necho \"SUCCESS\" > \"${SCRIPT_OUTPUT_FILE_0}\"\n";
			showEnvVarsInLog = 0;
		};
		0DBC2F1EAD0365BD6A10DDF4 /* [CP] Embed Pods Frameworks */ = {
			isa = PBXShellScriptBuildPhase;
			buildActionMask = 2147483647;
			files = (
			);
			inputPaths = (
			);
			name = "[CP] Embed Pods Frameworks";
			outputPaths = (
			);
			runOnlyForDeploymentPostprocessing = 0;
			shellPath = /bin/sh;
			shellScript = "\"${SRCROOT}/Pods/Target Support Files/Pods-SmackTests/Pods-SmackTests-frameworks.sh\"\n";
			showEnvVarsInLog = 0;
		};
		11B2A67EB95C1512D585C991 /* [CP] Embed Pods Frameworks */ = {
			isa = PBXShellScriptBuildPhase;
			buildActionMask = 2147483647;
			files = (
			);
			inputPaths = (
				"${SRCROOT}/Pods/Target Support Files/Pods-Smack/Pods-Smack-frameworks.sh",
				"${BUILT_PRODUCTS_DIR}/Alamofire/Alamofire.framework",
				"${BUILT_PRODUCTS_DIR}/Socket.IO-Client-Swift/SocketIO.framework",
				"${BUILT_PRODUCTS_DIR}/Starscream/Starscream.framework",
				"${BUILT_PRODUCTS_DIR}/SwiftyJSON/SwiftyJSON.framework",
			);
			name = "[CP] Embed Pods Frameworks";
			outputPaths = (
				"${TARGET_BUILD_DIR}/${FRAMEWORKS_FOLDER_PATH}/Alamofire.framework",
				"${TARGET_BUILD_DIR}/${FRAMEWORKS_FOLDER_PATH}/SocketIO.framework",
				"${TARGET_BUILD_DIR}/${FRAMEWORKS_FOLDER_PATH}/Starscream.framework",
				"${TARGET_BUILD_DIR}/${FRAMEWORKS_FOLDER_PATH}/SwiftyJSON.framework",
			);
			runOnlyForDeploymentPostprocessing = 0;
			shellPath = /bin/sh;
			shellScript = "\"${SRCROOT}/Pods/Target Support Files/Pods-Smack/Pods-Smack-frameworks.sh\"\n";
			showEnvVarsInLog = 0;
		};
		3035A6B62B2F908FA9C99AFE /* [CP] Check Pods Manifest.lock */ = {
			isa = PBXShellScriptBuildPhase;
			buildActionMask = 2147483647;
			files = (
			);
			inputPaths = (
				"${PODS_PODFILE_DIR_PATH}/Podfile.lock",
				"${PODS_ROOT}/Manifest.lock",
			);
			name = "[CP] Check Pods Manifest.lock";
			outputPaths = (
				"$(DERIVED_FILE_DIR)/Pods-SmackTests-checkManifestLockResult.txt",
			);
			runOnlyForDeploymentPostprocessing = 0;
			shellPath = /bin/sh;
			shellScript = "diff \"${PODS_PODFILE_DIR_PATH}/Podfile.lock\" \"${PODS_ROOT}/Manifest.lock\" > /dev/null\nif [ $? != 0 ] ; then\n    # print error to STDERR\n    echo \"error: The sandbox is not in sync with the Podfile.lock. Run 'pod install' or update your CocoaPods installation.\" >&2\n    exit 1\nfi\n# This output is used by Xcode 'outputs' to avoid re-running this script phase.\necho \"SUCCESS\" > \"${SCRIPT_OUTPUT_FILE_0}\"\n";
			showEnvVarsInLog = 0;
		};
		A63C29D4B6B2BC10123A9B94 /* [CP] Check Pods Manifest.lock */ = {
			isa = PBXShellScriptBuildPhase;
			buildActionMask = 2147483647;
			files = (
			);
			inputPaths = (
				"${PODS_PODFILE_DIR_PATH}/Podfile.lock",
				"${PODS_ROOT}/Manifest.lock",
			);
			name = "[CP] Check Pods Manifest.lock";
			outputPaths = (
				"$(DERIVED_FILE_DIR)/Pods-SmackUITests-checkManifestLockResult.txt",
			);
			runOnlyForDeploymentPostprocessing = 0;
			shellPath = /bin/sh;
			shellScript = "diff \"${PODS_PODFILE_DIR_PATH}/Podfile.lock\" \"${PODS_ROOT}/Manifest.lock\" > /dev/null\nif [ $? != 0 ] ; then\n    # print error to STDERR\n    echo \"error: The sandbox is not in sync with the Podfile.lock. Run 'pod install' or update your CocoaPods installation.\" >&2\n    exit 1\nfi\n# This output is used by Xcode 'outputs' to avoid re-running this script phase.\necho \"SUCCESS\" > \"${SCRIPT_OUTPUT_FILE_0}\"\n";
			showEnvVarsInLog = 0;
		};
		A6DBBABB156A4F1829285946 /* [CP] Embed Pods Frameworks */ = {
			isa = PBXShellScriptBuildPhase;
			buildActionMask = 2147483647;
			files = (
			);
			inputPaths = (
			);
			name = "[CP] Embed Pods Frameworks";
			outputPaths = (
			);
			runOnlyForDeploymentPostprocessing = 0;
			shellPath = /bin/sh;
			shellScript = "\"${SRCROOT}/Pods/Target Support Files/Pods-SmackUITests/Pods-SmackUITests-frameworks.sh\"\n";
			showEnvVarsInLog = 0;
		};
		ACC57DFE068FB921905B9E07 /* [CP] Copy Pods Resources */ = {
			isa = PBXShellScriptBuildPhase;
			buildActionMask = 2147483647;
			files = (
			);
			inputPaths = (
			);
			name = "[CP] Copy Pods Resources";
			outputPaths = (
			);
			runOnlyForDeploymentPostprocessing = 0;
			shellPath = /bin/sh;
			shellScript = "\"${SRCROOT}/Pods/Target Support Files/Pods-SmackTests/Pods-SmackTests-resources.sh\"\n";
			showEnvVarsInLog = 0;
		};
		CEF5BD64D6C4C45C1FE78F9B /* [CP] Copy Pods Resources */ = {
			isa = PBXShellScriptBuildPhase;
			buildActionMask = 2147483647;
			files = (
			);
			inputPaths = (
			);
			name = "[CP] Copy Pods Resources";
			outputPaths = (
			);
			runOnlyForDeploymentPostprocessing = 0;
			shellPath = /bin/sh;
			shellScript = "\"${SRCROOT}/Pods/Target Support Files/Pods-Smack/Pods-Smack-resources.sh\"\n";
			showEnvVarsInLog = 0;
		};
		FEFBAAEF983388D3E94B6662 /* [CP] Copy Pods Resources */ = {
			isa = PBXShellScriptBuildPhase;
			buildActionMask = 2147483647;
			files = (
			);
			inputPaths = (
			);
			name = "[CP] Copy Pods Resources";
			outputPaths = (
			);
			runOnlyForDeploymentPostprocessing = 0;
			shellPath = /bin/sh;
			shellScript = "\"${SRCROOT}/Pods/Target Support Files/Pods-SmackUITests/Pods-SmackUITests-resources.sh\"\n";
			showEnvVarsInLog = 0;
		};
/* End PBXShellScriptBuildPhase section */

/* Begin PBXSourcesBuildPhase section */
		9F321C992051E875009DB186 /* Sources */ = {
			isa = PBXSourcesBuildPhase;
			buildActionMask = 2147483647;
			files = (
				9FADC8FB2065ABDC0073D962 /* ProfileVC.swift in Sources */,
				9FED5C22206980DA00622B76 /* ChannelCell.swift in Sources */,
				9F4C1FEC20530803008DC689 /* ChannelVC.swift in Sources */,
				9F079DCC205C78E000BA39F0 /* AvatarPickerVC.swift in Sources */,
				9FBF92122059DBBF008ECD7C /* RoundedButton.swift in Sources */,
				9FEB8B2D2065C12500BCF804 /* Channel.swift in Sources */,
				9F4C1FEA205307F1008DC689 /* ChatVC.swift in Sources */,
				9FEB8B2B2065C0E400BCF804 /* MessageService.swift in Sources */,
				9F2D30E8205C5A350012B25D /* UserDataService.swift in Sources */,
				9FB6E8CD206044920075AC81 /* UserAvatar.swift in Sources */,
				9FEFAA9320587DD4000E6106 /* CreateAccountVC.swift in Sources */,
				9FEFAA962059BD06000E6106 /* AuthService.swift in Sources */,
				9FEFAA9120587B7E000E6106 /* LoginVC.swift in Sources */,
				9FED5C25206ABA5700622B76 /* AddChannelVC.swift in Sources */,
				9F4C1FEE20531F53008DC689 /* GradientView.swift in Sources */,
				9F079DCE205C797800BA39F0 /* AvatarCell.swift in Sources */,
				9F321CA12051E875009DB186 /* AppDelegate.swift in Sources */,
				9F4C1FE42051EF80008DC689 /* SWRevealViewController.m in Sources */,
				9FEFAA8F2058772B000E6106 /* Constants.swift in Sources */,
			);
			runOnlyForDeploymentPostprocessing = 0;
		};
		9F321CAD2051E875009DB186 /* Sources */ = {
			isa = PBXSourcesBuildPhase;
			buildActionMask = 2147483647;
			files = (
				9F321CB62051E875009DB186 /* SmackTests.swift in Sources */,
			);
			runOnlyForDeploymentPostprocessing = 0;
		};
		9F321CB82051E875009DB186 /* Sources */ = {
			isa = PBXSourcesBuildPhase;
			buildActionMask = 2147483647;
			files = (
				9F321CC12051E875009DB186 /* SmackUITests.swift in Sources */,
			);
			runOnlyForDeploymentPostprocessing = 0;
		};
/* End PBXSourcesBuildPhase section */

/* Begin PBXTargetDependency section */
		9F321CB32051E875009DB186 /* PBXTargetDependency */ = {
			isa = PBXTargetDependency;
			target = 9F321C9C2051E875009DB186 /* Smack */;
			targetProxy = 9F321CB22051E875009DB186 /* PBXContainerItemProxy */;
		};
		9F321CBE2051E875009DB186 /* PBXTargetDependency */ = {
			isa = PBXTargetDependency;
			target = 9F321C9C2051E875009DB186 /* Smack */;
			targetProxy = 9F321CBD2051E875009DB186 /* PBXContainerItemProxy */;
		};
/* End PBXTargetDependency section */

/* Begin PBXVariantGroup section */
		9F321CA42051E875009DB186 /* Main.storyboard */ = {
			isa = PBXVariantGroup;
			children = (
				9F321CA52051E875009DB186 /* Base */,
			);
			name = Main.storyboard;
			sourceTree = "<group>";
		};
		9F321CA92051E875009DB186 /* LaunchScreen.storyboard */ = {
			isa = PBXVariantGroup;
			children = (
				9F321CAA2051E875009DB186 /* Base */,
			);
			name = LaunchScreen.storyboard;
			sourceTree = "<group>";
		};
/* End PBXVariantGroup section */

/* Begin XCBuildConfiguration section */
		9F321CC32051E875009DB186 /* Debug */ = {
			isa = XCBuildConfiguration;
			buildSettings = {
				ALWAYS_SEARCH_USER_PATHS = NO;
				CLANG_ANALYZER_NONNULL = YES;
				CLANG_ANALYZER_NUMBER_OBJECT_CONVERSION = YES_AGGRESSIVE;
				CLANG_CXX_LANGUAGE_STANDARD = "gnu++14";
				CLANG_CXX_LIBRARY = "libc++";
				CLANG_ENABLE_MODULES = YES;
				CLANG_ENABLE_OBJC_ARC = YES;
				CLANG_WARN_BLOCK_CAPTURE_AUTORELEASING = YES;
				CLANG_WARN_BOOL_CONVERSION = YES;
				CLANG_WARN_COMMA = YES;
				CLANG_WARN_CONSTANT_CONVERSION = YES;
				CLANG_WARN_DIRECT_OBJC_ISA_USAGE = YES_ERROR;
				CLANG_WARN_DOCUMENTATION_COMMENTS = YES;
				CLANG_WARN_EMPTY_BODY = YES;
				CLANG_WARN_ENUM_CONVERSION = YES;
				CLANG_WARN_INFINITE_RECURSION = YES;
				CLANG_WARN_INT_CONVERSION = YES;
				CLANG_WARN_NON_LITERAL_NULL_CONVERSION = YES;
				CLANG_WARN_OBJC_LITERAL_CONVERSION = YES;
				CLANG_WARN_OBJC_ROOT_CLASS = YES_ERROR;
				CLANG_WARN_RANGE_LOOP_ANALYSIS = YES;
				CLANG_WARN_STRICT_PROTOTYPES = YES;
				CLANG_WARN_SUSPICIOUS_MOVE = YES;
				CLANG_WARN_UNGUARDED_AVAILABILITY = YES_AGGRESSIVE;
				CLANG_WARN_UNREACHABLE_CODE = YES;
				CLANG_WARN__DUPLICATE_METHOD_MATCH = YES;
				CODE_SIGN_IDENTITY = "iPhone Developer";
				COPY_PHASE_STRIP = NO;
				DEBUG_INFORMATION_FORMAT = dwarf;
				ENABLE_STRICT_OBJC_MSGSEND = YES;
				ENABLE_TESTABILITY = YES;
				GCC_C_LANGUAGE_STANDARD = gnu11;
				GCC_DYNAMIC_NO_PIC = NO;
				GCC_NO_COMMON_BLOCKS = YES;
				GCC_OPTIMIZATION_LEVEL = 0;
				GCC_PREPROCESSOR_DEFINITIONS = (
					"DEBUG=1",
					"$(inherited)",
				);
				GCC_WARN_64_TO_32_BIT_CONVERSION = YES;
				GCC_WARN_ABOUT_RETURN_TYPE = YES_ERROR;
				GCC_WARN_UNDECLARED_SELECTOR = YES;
				GCC_WARN_UNINITIALIZED_AUTOS = YES_AGGRESSIVE;
				GCC_WARN_UNUSED_FUNCTION = YES;
				GCC_WARN_UNUSED_VARIABLE = YES;
				IPHONEOS_DEPLOYMENT_TARGET = 11.2;
				MTL_ENABLE_DEBUG_INFO = YES;
				ONLY_ACTIVE_ARCH = YES;
				SDKROOT = iphoneos;
				SWIFT_ACTIVE_COMPILATION_CONDITIONS = DEBUG;
				SWIFT_OPTIMIZATION_LEVEL = "-Onone";
			};
			name = Debug;
		};
		9F321CC42051E875009DB186 /* Release */ = {
			isa = XCBuildConfiguration;
			buildSettings = {
				ALWAYS_SEARCH_USER_PATHS = NO;
				CLANG_ANALYZER_NONNULL = YES;
				CLANG_ANALYZER_NUMBER_OBJECT_CONVERSION = YES_AGGRESSIVE;
				CLANG_CXX_LANGUAGE_STANDARD = "gnu++14";
				CLANG_CXX_LIBRARY = "libc++";
				CLANG_ENABLE_MODULES = YES;
				CLANG_ENABLE_OBJC_ARC = YES;
				CLANG_WARN_BLOCK_CAPTURE_AUTORELEASING = YES;
				CLANG_WARN_BOOL_CONVERSION = YES;
				CLANG_WARN_COMMA = YES;
				CLANG_WARN_CONSTANT_CONVERSION = YES;
				CLANG_WARN_DIRECT_OBJC_ISA_USAGE = YES_ERROR;
				CLANG_WARN_DOCUMENTATION_COMMENTS = YES;
				CLANG_WARN_EMPTY_BODY = YES;
				CLANG_WARN_ENUM_CONVERSION = YES;
				CLANG_WARN_INFINITE_RECURSION = YES;
				CLANG_WARN_INT_CONVERSION = YES;
				CLANG_WARN_NON_LITERAL_NULL_CONVERSION = YES;
				CLANG_WARN_OBJC_LITERAL_CONVERSION = YES;
				CLANG_WARN_OBJC_ROOT_CLASS = YES_ERROR;
				CLANG_WARN_RANGE_LOOP_ANALYSIS = YES;
				CLANG_WARN_STRICT_PROTOTYPES = YES;
				CLANG_WARN_SUSPICIOUS_MOVE = YES;
				CLANG_WARN_UNGUARDED_AVAILABILITY = YES_AGGRESSIVE;
				CLANG_WARN_UNREACHABLE_CODE = YES;
				CLANG_WARN__DUPLICATE_METHOD_MATCH = YES;
				CODE_SIGN_IDENTITY = "iPhone Developer";
				COPY_PHASE_STRIP = NO;
				DEBUG_INFORMATION_FORMAT = "dwarf-with-dsym";
				ENABLE_NS_ASSERTIONS = NO;
				ENABLE_STRICT_OBJC_MSGSEND = YES;
				GCC_C_LANGUAGE_STANDARD = gnu11;
				GCC_NO_COMMON_BLOCKS = YES;
				GCC_WARN_64_TO_32_BIT_CONVERSION = YES;
				GCC_WARN_ABOUT_RETURN_TYPE = YES_ERROR;
				GCC_WARN_UNDECLARED_SELECTOR = YES;
				GCC_WARN_UNINITIALIZED_AUTOS = YES_AGGRESSIVE;
				GCC_WARN_UNUSED_FUNCTION = YES;
				GCC_WARN_UNUSED_VARIABLE = YES;
				IPHONEOS_DEPLOYMENT_TARGET = 11.2;
				MTL_ENABLE_DEBUG_INFO = NO;
				SDKROOT = iphoneos;
				SWIFT_OPTIMIZATION_LEVEL = "-Owholemodule";
				VALIDATE_PRODUCT = YES;
			};
			name = Release;
		};
		9F321CC62051E875009DB186 /* Debug */ = {
			isa = XCBuildConfiguration;
			baseConfigurationReference = 0DFCA183B3E15FC0AEB99A36 /* Pods-Smack.debug.xcconfig */;
			buildSettings = {
				ASSETCATALOG_COMPILER_APPICON_NAME = AppIcon;
				CLANG_ENABLE_MODULES = YES;
				CODE_SIGN_STYLE = Automatic;
				DEVELOPMENT_TEAM = 8X287DUWDR;
				INFOPLIST_FILE = Smack/Info.plist;
				LD_RUNPATH_SEARCH_PATHS = "$(inherited) @executable_path/Frameworks";
				PRODUCT_BUNDLE_IDENTIFIER = com.floresapps.Smack;
				PRODUCT_NAME = "$(TARGET_NAME)";
				SWIFT_OBJC_BRIDGING_HEADER = "Smack/Supporting Files/Smack-Bridging-Header.h";
				SWIFT_OPTIMIZATION_LEVEL = "-Onone";
				SWIFT_VERSION = 4.0;
				TARGETED_DEVICE_FAMILY = "1,2";
			};
			name = Debug;
		};
		9F321CC72051E875009DB186 /* Release */ = {
			isa = XCBuildConfiguration;
			baseConfigurationReference = A3B9B7EB25AC803E995F6B26 /* Pods-Smack.release.xcconfig */;
			buildSettings = {
				ASSETCATALOG_COMPILER_APPICON_NAME = AppIcon;
				CLANG_ENABLE_MODULES = YES;
				CODE_SIGN_STYLE = Automatic;
				DEVELOPMENT_TEAM = 8X287DUWDR;
				INFOPLIST_FILE = Smack/Info.plist;
				LD_RUNPATH_SEARCH_PATHS = "$(inherited) @executable_path/Frameworks";
				PRODUCT_BUNDLE_IDENTIFIER = com.floresapps.Smack;
				PRODUCT_NAME = "$(TARGET_NAME)";
				SWIFT_OBJC_BRIDGING_HEADER = "Smack/Supporting Files/Smack-Bridging-Header.h";
				SWIFT_VERSION = 4.0;
				TARGETED_DEVICE_FAMILY = "1,2";
			};
			name = Release;
		};
		9F321CC92051E875009DB186 /* Debug */ = {
			isa = XCBuildConfiguration;
			baseConfigurationReference = 0EE7B4D963F527BB8C1ECDED /* Pods-SmackTests.debug.xcconfig */;
			buildSettings = {
				ALWAYS_EMBED_SWIFT_STANDARD_LIBRARIES = YES;
				BUNDLE_LOADER = "$(TEST_HOST)";
				CLANG_ENABLE_MODULES = YES;
				CODE_SIGN_STYLE = Automatic;
				INFOPLIST_FILE = SmackTests/Info.plist;
				LD_RUNPATH_SEARCH_PATHS = "$(inherited) @executable_path/Frameworks @loader_path/Frameworks";
				PRODUCT_BUNDLE_IDENTIFIER = com.floresapps.SmackTests;
				PRODUCT_NAME = "$(TARGET_NAME)";
				SWIFT_OBJC_BRIDGING_HEADER = "Smack/Supporting Files/SmackTests-Bridging-Header.h";
				SWIFT_OPTIMIZATION_LEVEL = "-Onone";
				SWIFT_VERSION = 4.0;
				TARGETED_DEVICE_FAMILY = "1,2";
				TEST_HOST = "$(BUILT_PRODUCTS_DIR)/Smack.app/Smack";
			};
			name = Debug;
		};
		9F321CCA2051E875009DB186 /* Release */ = {
			isa = XCBuildConfiguration;
			baseConfigurationReference = BA02C64A4FC49DB1D3CBBAFA /* Pods-SmackTests.release.xcconfig */;
			buildSettings = {
				ALWAYS_EMBED_SWIFT_STANDARD_LIBRARIES = YES;
				BUNDLE_LOADER = "$(TEST_HOST)";
				CLANG_ENABLE_MODULES = YES;
				CODE_SIGN_STYLE = Automatic;
				INFOPLIST_FILE = SmackTests/Info.plist;
				LD_RUNPATH_SEARCH_PATHS = "$(inherited) @executable_path/Frameworks @loader_path/Frameworks";
				PRODUCT_BUNDLE_IDENTIFIER = com.floresapps.SmackTests;
				PRODUCT_NAME = "$(TARGET_NAME)";
				SWIFT_OBJC_BRIDGING_HEADER = "Smack/Supporting Files/SmackTests-Bridging-Header.h";
				SWIFT_VERSION = 4.0;
				TARGETED_DEVICE_FAMILY = "1,2";
				TEST_HOST = "$(BUILT_PRODUCTS_DIR)/Smack.app/Smack";
			};
			name = Release;
		};
		9F321CCC2051E875009DB186 /* Debug */ = {
			isa = XCBuildConfiguration;
			baseConfigurationReference = A58EC08F077C4F5C67AE4023 /* Pods-SmackUITests.debug.xcconfig */;
			buildSettings = {
				ALWAYS_EMBED_SWIFT_STANDARD_LIBRARIES = YES;
				CLANG_ENABLE_MODULES = YES;
				CODE_SIGN_STYLE = Automatic;
				INFOPLIST_FILE = SmackUITests/Info.plist;
				LD_RUNPATH_SEARCH_PATHS = "$(inherited) @executable_path/Frameworks @loader_path/Frameworks";
				PRODUCT_BUNDLE_IDENTIFIER = com.floresapps.SmackUITests;
				PRODUCT_NAME = "$(TARGET_NAME)";
				SWIFT_OBJC_BRIDGING_HEADER = "Smack/Supporting Files/SmackUITests-Bridging-Header.h";
				SWIFT_OPTIMIZATION_LEVEL = "-Onone";
				SWIFT_VERSION = 4.0;
				TARGETED_DEVICE_FAMILY = "1,2";
				TEST_TARGET_NAME = Smack;
			};
			name = Debug;
		};
		9F321CCD2051E875009DB186 /* Release */ = {
			isa = XCBuildConfiguration;
			baseConfigurationReference = FF1CF8F383F0B5C1B40319CF /* Pods-SmackUITests.release.xcconfig */;
			buildSettings = {
				ALWAYS_EMBED_SWIFT_STANDARD_LIBRARIES = YES;
				CLANG_ENABLE_MODULES = YES;
				CODE_SIGN_STYLE = Automatic;
				INFOPLIST_FILE = SmackUITests/Info.plist;
				LD_RUNPATH_SEARCH_PATHS = "$(inherited) @executable_path/Frameworks @loader_path/Frameworks";
				PRODUCT_BUNDLE_IDENTIFIER = com.floresapps.SmackUITests;
				PRODUCT_NAME = "$(TARGET_NAME)";
				SWIFT_OBJC_BRIDGING_HEADER = "Smack/Supporting Files/SmackUITests-Bridging-Header.h";
				SWIFT_VERSION = 4.0;
				TARGETED_DEVICE_FAMILY = "1,2";
				TEST_TARGET_NAME = Smack;
			};
			name = Release;
		};
/* End XCBuildConfiguration section */

/* Begin XCConfigurationList section */
		9F321C982051E875009DB186 /* Build configuration list for PBXProject "Smack" */ = {
			isa = XCConfigurationList;
			buildConfigurations = (
				9F321CC32051E875009DB186 /* Debug */,
				9F321CC42051E875009DB186 /* Release */,
			);
			defaultConfigurationIsVisible = 0;
			defaultConfigurationName = Release;
		};
		9F321CC52051E875009DB186 /* Build configuration list for PBXNativeTarget "Smack" */ = {
			isa = XCConfigurationList;
			buildConfigurations = (
				9F321CC62051E875009DB186 /* Debug */,
				9F321CC72051E875009DB186 /* Release */,
			);
			defaultConfigurationIsVisible = 0;
			defaultConfigurationName = Release;
		};
		9F321CC82051E875009DB186 /* Build configuration list for PBXNativeTarget "SmackTests" */ = {
			isa = XCConfigurationList;
			buildConfigurations = (
				9F321CC92051E875009DB186 /* Debug */,
				9F321CCA2051E875009DB186 /* Release */,
			);
			defaultConfigurationIsVisible = 0;
			defaultConfigurationName = Release;
		};
		9F321CCB2051E875009DB186 /* Build configuration list for PBXNativeTarget "SmackUITests" */ = {
			isa = XCConfigurationList;
			buildConfigurations = (
				9F321CCC2051E875009DB186 /* Debug */,
				9F321CCD2051E875009DB186 /* Release */,
			);
			defaultConfigurationIsVisible = 0;
			defaultConfigurationName = Release;
		};
/* End XCConfigurationList section */
	};
	rootObject = 9F321C952051E875009DB186 /* Project object */;
}
